// !$*UTF8*$!
{
	archiveVersion = 1;
	classes = {
	};
	objectVersion = 50;
	objects = {

/* Begin PBXBuildFile section */
		A6177A48259EE42400633D6C /* AppDelegate.swift in Sources */ = {isa = PBXBuildFile; fileRef = A6177A47259EE42400633D6C /* AppDelegate.swift */; };
		A6177A4A259EE42400633D6C /* SceneDelegate.swift in Sources */ = {isa = PBXBuildFile; fileRef = A6177A49259EE42400633D6C /* SceneDelegate.swift */; };
		A6177A4C259EE42400633D6C /* ViewController.swift in Sources */ = {isa = PBXBuildFile; fileRef = A6177A4B259EE42400633D6C /* ViewController.swift */; };
		A6177A4F259EE42400633D6C /* Main.storyboard in Resources */ = {isa = PBXBuildFile; fileRef = A6177A4D259EE42400633D6C /* Main.storyboard */; };
		A6177A51259EE42700633D6C /* Assets.xcassets in Resources */ = {isa = PBXBuildFile; fileRef = A6177A50259EE42700633D6C /* Assets.xcassets */; };
		A6177A54259EE42700633D6C /* LaunchScreen.storyboard in Resources */ = {isa = PBXBuildFile; fileRef = A6177A52259EE42700633D6C /* LaunchScreen.storyboard */; };
		A6E91807259EE7D700FFCA89 /* ModalViewController.swift in Sources */ = {isa = PBXBuildFile; fileRef = A6E91805259EE7D700FFCA89 /* ModalViewController.swift */; };
		A6E91808259EE7D700FFCA89 /* PickerViewItem.swift in Sources */ = {isa = PBXBuildFile; fileRef = A6E91806259EE7D700FFCA89 /* PickerViewItem.swift */; };
		A6E9180B259EE9ED00FFCA89 /* Modal.storyboard in Resources */ = {isa = PBXBuildFile; fileRef = A6E9180A259EE9ED00FFCA89 /* Modal.storyboard */; };
/* End PBXBuildFile section */

/* Begin PBXFileReference section */
		A6177A44259EE42400633D6C /* modaltransitionsample.app */ = {isa = PBXFileReference; explicitFileType = wrapper.application; includeInIndex = 0; path = modaltransitionsample.app; sourceTree = BUILT_PRODUCTS_DIR; };
		A6177A47259EE42400633D6C /* AppDelegate.swift */ = {isa = PBXFileReference; lastKnownFileType = sourcecode.swift; path = AppDelegate.swift; sourceTree = "<group>"; };
		A6177A49259EE42400633D6C /* SceneDelegate.swift */ = {isa = PBXFileReference; lastKnownFileType = sourcecode.swift; path = SceneDelegate.swift; sourceTree = "<group>"; };
		A6177A4B259EE42400633D6C /* ViewController.swift */ = {isa = PBXFileReference; lastKnownFileType = sourcecode.swift; path = ViewController.swift; sourceTree = "<group>"; };
		A6177A4E259EE42400633D6C /* Base */ = {isa = PBXFileReference; lastKnownFileType = file.storyboard; name = Base; path = Base.lproj/Main.storyboard; sourceTree = "<group>"; };
		A6177A50259EE42700633D6C /* Assets.xcassets */ = {isa = PBXFileReference; lastKnownFileType = folder.assetcatalog; path = Assets.xcassets; sourceTree = "<group>"; };
		A6177A53259EE42700633D6C /* Base */ = {isa = PBXFileReference; lastKnownFileType = file.storyboard; name = Base; path = Base.lproj/LaunchScreen.storyboard; sourceTree = "<group>"; };
		A6177A55259EE42700633D6C /* Info.plist */ = {isa = PBXFileReference; lastKnownFileType = text.plist.xml; path = Info.plist; sourceTree = "<group>"; };
		A6E91805259EE7D700FFCA89 /* ModalViewController.swift */ = {isa = PBXFileReference; fileEncoding = 4; lastKnownFileType = sourcecode.swift; path = ModalViewController.swift; sourceTree = "<group>"; };
		A6E91806259EE7D700FFCA89 /* PickerViewItem.swift */ = {isa = PBXFileReference; fileEncoding = 4; lastKnownFileType = sourcecode.swift; path = PickerViewItem.swift; sourceTree = "<group>"; };
		A6E9180A259EE9ED00FFCA89 /* Modal.storyboard */ = {isa = PBXFileReference; lastKnownFileType = file.storyboard; path = Modal.storyboard; sourceTree = "<group>"; };
/* End PBXFileReference section */

/* Begin PBXFrameworksBuildPhase section */
		A6177A41259EE42400633D6C /* Frameworks */ = {
			isa = PBXFrameworksBuildPhase;
			buildActionMask = 2147483647;
			files = (
			);
			runOnlyForDeploymentPostprocessing = 0;
		};
/* End PBXFrameworksBuildPhase section */

/* Begin PBXGroup section */
		A6177A3B259EE42300633D6C = {
			isa = PBXGroup;
			children = (
				A6177A46259EE42400633D6C /* modaltransitionsample */,
				A6177A45259EE42400633D6C /* Products */,
			);
			sourceTree = "<group>";
		};
		A6177A45259EE42400633D6C /* Products */ = {
			isa = PBXGroup;
			children = (
				A6177A44259EE42400633D6C /* modaltransitionsample.app */,
			);
			name = Products;
			sourceTree = "<group>";
		};
		A6177A46259EE42400633D6C /* modaltransitionsample */ = {
			isa = PBXGroup;
			children = (
				A6E91805259EE7D700FFCA89 /* ModalViewController.swift */,
				A6E91806259EE7D700FFCA89 /* PickerViewItem.swift */,
				A6177A47259EE42400633D6C /* AppDelegate.swift */,
				A6177A49259EE42400633D6C /* SceneDelegate.swift */,
				A6177A4B259EE42400633D6C /* ViewController.swift */,
				A6177A4D259EE42400633D6C /* Main.storyboard */,
				A6177A50259EE42700633D6C /* Assets.xcassets */,
				A6177A52259EE42700633D6C /* LaunchScreen.storyboard */,
				A6177A55259EE42700633D6C /* Info.plist */,
				A6E9180A259EE9ED00FFCA89 /* Modal.storyboard */,
			);
			path = modaltransitionsample;
			sourceTree = "<group>";
		};
/* End PBXGroup section */

/* Begin PBXNativeTarget section */
		A6177A43259EE42400633D6C /* modaltransitionsample */ = {
			isa = PBXNativeTarget;
			buildConfigurationList = A6177A58259EE42700633D6C /* Build configuration list for PBXNativeTarget "modaltransitionsample" */;
			buildPhases = (
				A6177A40259EE42400633D6C /* Sources */,
				A6177A41259EE42400633D6C /* Frameworks */,
				A6177A42259EE42400633D6C /* Resources */,
			);
			buildRules = (
			);
			dependencies = (
			);
			name = modaltransitionsample;
			productName = modaltransitionsample;
			productReference = A6177A44259EE42400633D6C /* modaltransitionsample.app */;
			productType = "com.apple.product-type.application";
		};
/* End PBXNativeTarget section */

/* Begin PBXProject section */
		A6177A3C259EE42300633D6C /* Project object */ = {
			isa = PBXProject;
			attributes = {
				LastSwiftUpdateCheck = 1230;
				LastUpgradeCheck = 1230;
				TargetAttributes = {
					A6177A43259EE42400633D6C = {
						CreatedOnToolsVersion = 12.3;
					};
				};
			};
			buildConfigurationList = A6177A3F259EE42300633D6C /* Build configuration list for PBXProject "modaltransitionsample" */;
			compatibilityVersion = "Xcode 9.3";
			developmentRegion = en;
			hasScannedForEncodings = 0;
			knownRegions = (
				en,
				Base,
			);
			mainGroup = A6177A3B259EE42300633D6C;
			productRefGroup = A6177A45259EE42400633D6C /* Products */;
			projectDirPath = "";
			projectRoot = "";
			targets = (
				A6177A43259EE42400633D6C /* modaltransitionsample */,
			);
		};
/* End PBXProject section */

/* Begin PBXResourcesBuildPhase section */
		A6177A42259EE42400633D6C /* Resources */ = {
			isa = PBXResourcesBuildPhase;
			buildActionMask = 2147483647;
			files = (
				A6E9180B259EE9ED00FFCA89 /* Modal.storyboard in Resources */,
				A6177A54259EE42700633D6C /* LaunchScreen.storyboard in Resources */,
				A6177A51259EE42700633D6C /* Assets.xcassets in Resources */,
				A6177A4F259EE42400633D6C /* Main.storyboard in Resources */,
			);
			runOnlyForDeploymentPostprocessing = 0;
		};
/* End PBXResourcesBuildPhase section */

/* Begin PBXSourcesBuildPhase section */
		A6177A40259EE42400633D6C /* Sources */ = {
			isa = PBXSourcesBuildPhase;
			buildActionMask = 2147483647;
			files = (
				A6E91807259EE7D700FFCA89 /* ModalViewController.swift in Sources */,
				A6177A4C259EE42400633D6C /* ViewController.swift in Sources */,
				A6E91808259EE7D700FFCA89 /* PickerViewItem.swift in Sources */,
				A6177A48259EE42400633D6C /* AppDelegate.swift in Sources */,
				A6177A4A259EE42400633D6C /* SceneDelegate.swift in Sources */,
			);
			runOnlyForDeploymentPostprocessing = 0;
		};
/* End PBXSourcesBuildPhase section */

/* Begin PBXVariantGroup section */
		A6177A4D259EE42400633D6C /* Main.storyboard */ = {
			isa = PBXVariantGroup;
			children = (
				A6177A4E259EE42400633D6C /* Base */,
			);
			name = Main.storyboard;
			sourceTree = "<group>";
		};
		A6177A52259EE42700633D6C /* LaunchScreen.storyboard */ = {
			isa = PBXVariantGroup;
			children = (
				A6177A53259EE42700633D6C /* Base */,
			);
			name = LaunchScreen.storyboard;
			sourceTree = "<group>";
		};
/* End PBXVariantGroup section */

/* Begin XCBuildConfiguration section */
		A6177A56259EE42700633D6C /* Debug */ = {
			isa = XCBuildConfiguration;
			buildSettings = {
				ALWAYS_SEARCH_USER_PATHS = NO;
				CLANG_ANALYZER_NONNULL = YES;
				CLANG_ANALYZER_NUMBER_OBJECT_CONVERSION = YES_AGGRESSIVE;
				CLANG_CXX_LANGUAGE_STANDARD = "gnu++14";
				CLANG_CXX_LIBRARY = "libc++";
				CLANG_ENABLE_MODULES = YES;
				CLANG_ENABLE_OBJC_ARC = YES;
				CLANG_ENABLE_OBJC_WEAK = YES;
				CLANG_WARN_BLOCK_CAPTURE_AUTORELEASING = YES;
				CLANG_WARN_BOOL_CONVERSION = YES;
				CLANG_WARN_COMMA = YES;
				CLANG_WARN_CONSTANT_CONVERSION = YES;
				CLANG_WARN_DEPRECATED_OBJC_IMPLEMENTATIONS = YES;
				CLANG_WARN_DIRECT_OBJC_ISA_USAGE = YES_ERROR;
				CLANG_WARN_DOCUMENTATION_COMMENTS = YES;
				CLANG_WARN_EMPTY_BODY = YES;
				CLANG_WARN_ENUM_CONVERSION = YES;
				CLANG_WARN_INFINITE_RECURSION = YES;
				CLANG_WARN_INT_CONVERSION = YES;
				CLANG_WARN_NON_LITERAL_NULL_CONVERSION = YES;
				CLANG_WARN_OBJC_IMPLICIT_RETAIN_SELF = YES;
				CLANG_WARN_OBJC_LITERAL_CONVERSION = YES;
				CLANG_WARN_OBJC_ROOT_CLASS = YES_ERROR;
				CLANG_WARN_QUOTED_INCLUDE_IN_FRAMEWORK_HEADER = YES;
				CLANG_WARN_RANGE_LOOP_ANALYSIS = YES;
				CLANG_WARN_STRICT_PROTOTYPES = YES;
				CLANG_WARN_SUSPICIOUS_MOVE = YES;
				CLANG_WARN_UNGUARDED_AVAILABILITY = YES_AGGRESSIVE;
				CLANG_WARN_UNREACHABLE_CODE = YES;
				CLANG_WARN__DUPLICATE_METHOD_MATCH = YES;
				COPY_PHASE_STRIP = NO;
				DEBUG_INFORMATION_FORMAT = dwarf;
				ENABLE_STRICT_OBJC_MSGSEND = YES;
				ENABLE_TESTABILITY = YES;
				GCC_C_LANGUAGE_STANDARD = gnu11;
				GCC_DYNAMIC_NO_PIC = NO;
				GCC_NO_COMMON_BLOCKS = YES;
				GCC_OPTIMIZATION_LEVEL = 0;
				GCC_PREPROCESSOR_DEFINITIONS = (
					"DEBUG=1",
					"$(inherited)",
				);
				GCC_WARN_64_TO_32_BIT_CONVERSION = YES;
				GCC_WARN_ABOUT_RETURN_TYPE = YES_ERROR;
				GCC_WARN_UNDECLARED_SELECTOR = YES;
				GCC_WARN_UNINITIALIZED_AUTOS = YES_AGGRESSIVE;
				GCC_WARN_UNUSED_FUNCTION = YES;
				GCC_WARN_UNUSED_VARIABLE = YES;
				IPHONEOS_DEPLOYMENT_TARGET = 14.3;
				MTL_ENABLE_DEBUG_INFO = INCLUDE_SOURCE;
				MTL_FAST_MATH = YES;
				ONLY_ACTIVE_ARCH = YES;
				SDKROOT = iphoneos;
				SWIFT_ACTIVE_COMPILATION_CONDITIONS = DEBUG;
				SWIFT_OPTIMIZATION_LEVEL = "-Onone";
			};
			name = Debug;
		};
		A6177A57259EE42700633D6C /* Release */ = {
			isa = XCBuildConfiguration;
			buildSettings = {
				ALWAYS_SEARCH_USER_PATHS = NO;
				CLANG_ANALYZER_NONNULL = YES;
				CLANG_ANALYZER_NUMBER_OBJECT_CONVERSION = YES_AGGRESSIVE;
				CLANG_CXX_LANGUAGE_STANDARD = "gnu++14";
				CLANG_CXX_LIBRARY = "libc++";
				CLANG_ENABLE_MODULES = YES;
				CLANG_ENABLE_OBJC_ARC = YES;
				CLANG_ENABLE_OBJC_WEAK = YES;
				CLANG_WARN_BLOCK_CAPTURE_AUTORELEASING = YES;
				CLANG_WARN_BOOL_CONVERSION = YES;
				CLANG_WARN_COMMA = YES;
				CLANG_WARN_CONSTANT_CONVERSION = YES;
				CLANG_WARN_DEPRECATED_OBJC_IMPLEMENTATIONS = YES;
				CLANG_WARN_DIRECT_OBJC_ISA_USAGE = YES_ERROR;
				CLANG_WARN_DOCUMENTATION_COMMENTS = YES;
				CLANG_WARN_EMPTY_BODY = YES;
				CLANG_WARN_ENUM_CONVERSION = YES;
				CLANG_WARN_INFINITE_RECURSION = YES;
				CLANG_WARN_INT_CONVERSION = YES;
				CLANG_WARN_NON_LITERAL_NULL_CONVERSION = YES;
				CLANG_WARN_OBJC_IMPLICIT_RETAIN_SELF = YES;
				CLANG_WARN_OBJC_LITERAL_CONVERSION = YES;
				CLANG_WARN_OBJC_ROOT_CLASS = YES_ERROR;
				CLANG_WARN_QUOTED_INCLUDE_IN_FRAMEWORK_HEADER = YES;
				CLANG_WARN_RANGE_LOOP_ANALYSIS = YES;
				CLANG_WARN_STRICT_PROTOTYPES = YES;
				CLANG_WARN_SUSPICIOUS_MOVE = YES;
				CLANG_WARN_UNGUARDED_AVAILABILITY = YES_AGGRESSIVE;
				CLANG_WARN_UNREACHABLE_CODE = YES;
				CLANG_WARN__DUPLICATE_METHOD_MATCH = YES;
				COPY_PHASE_STRIP = NO;
				DEBUG_INFORMATION_FORMAT = "dwarf-with-dsym";
				ENABLE_NS_ASSERTIONS = NO;
				ENABLE_STRICT_OBJC_MSGSEND = YES;
				GCC_C_LANGUAGE_STANDARD = gnu11;
				GCC_NO_COMMON_BLOCKS = YES;
				GCC_WARN_64_TO_32_BIT_CONVERSION = YES;
				GCC_WARN_ABOUT_RETURN_TYPE = YES_ERROR;
				GCC_WARN_UNDECLARED_SELECTOR = YES;
				GCC_WARN_UNINITIALIZED_AUTOS = YES_AGGRESSIVE;
				GCC_WARN_UNUSED_FUNCTION = YES;
				GCC_WARN_UNUSED_VARIABLE = YES;
				IPHONEOS_DEPLOYMENT_TARGET = 14.3;
				MTL_ENABLE_DEBUG_INFO = NO;
				MTL_FAST_MATH = YES;
				SDKROOT = iphoneos;
				SWIFT_COMPILATION_MODE = wholemodule;
				SWIFT_OPTIMIZATION_LEVEL = "-O";
				VALIDATE_PRODUCT = YES;
			};
			name = Release;
		};
		A6177A59259EE42700633D6C /* Debug */ = {
			isa = XCBuildConfiguration;
			buildSettings = {
				ASSETCATALOG_COMPILER_APPICON_NAME = AppIcon;
				ASSETCATALOG_COMPILER_GLOBAL_ACCENT_COLOR_NAME = AccentColor;
				CODE_SIGN_STYLE = Automatic;
				INFOPLIST_FILE = modaltransitionsample/Info.plist;
				LD_RUNPATH_SEARCH_PATHS = (
					"$(inherited)",
					"@executable_path/Frameworks",
				);
				PRODUCT_BUNDLE_IDENTIFIER = com.tkhs0604.modaltransitionsample;
				PRODUCT_NAME = "$(TARGET_NAME)";
				SWIFT_VERSION = 5.0;
				TARGETED_DEVICE_FAMILY = "1,2";
			};
			name = Debug;
		};
		A6177A5A259EE42700633D6C /* Release */ = {
			isa = XCBuildConfiguration;
			buildSettings = {
				ASSETCATALOG_COMPILER_APPICON_NAME = AppIcon;
				ASSETCATALOG_COMPILER_GLOBAL_ACCENT_COLOR_NAME = AccentColor;
				CODE_SIGN_STYLE = Automatic;
				INFOPLIST_FILE = modaltransitionsample/Info.plist;
				LD_RUNPATH_SEARCH_PATHS = (
					"$(inherited)",
					"@executable_path/Frameworks",
				);
				PRODUCT_BUNDLE_IDENTIFIER = com.tkhs0604.modaltransitionsample;
				PRODUCT_NAME = "$(TARGET_NAME)";
				SWIFT_VERSION = 5.0;
				TARGETED_DEVICE_FAMILY = "1,2";
			};
			name = Release;
		};
/* End XCBuildConfiguration section */

/* Begin XCConfigurationList section */
		A6177A3F259EE42300633D6C /* Build configuration list for PBXProject "modaltransitionsample" */ = {
			isa = XCConfigurationList;
			buildConfigurations = (
				A6177A56259EE42700633D6C /* Debug */,
				A6177A57259EE42700633D6C /* Release */,
			);
			defaultConfigurationIsVisible = 0;
			defaultConfigurationName = Release;
		};
		A6177A58259EE42700633D6C /* Build configuration list for PBXNativeTarget "modaltransitionsample" */ = {
			isa = XCConfigurationList;
			buildConfigurations = (
				A6177A59259EE42700633D6C /* Debug */,
				A6177A5A259EE42700633D6C /* Release */,
			);
			defaultConfigurationIsVisible = 0;
			defaultConfigurationName = Release;
		};
/* End XCConfigurationList section */
	};
	rootObject = A6177A3C259EE42300633D6C /* Project object */;
}
